
Microsoft Visual Studio Solution File, Format Version 12.00
# Visual Studio Version 16
VisualStudioVersion = 16.0.31729.503
MinimumVisualStudioVersion = 10.0.40219.1
Project("{FAE04EC0-301F-11D3-BF4B-00C04F79EFBC}") = "SFTPCSVPoC", "SFTPCSVPoC\SFTPCSVPoC.csproj", "{75BEB67F-04CD-42E4-ADB7-4BC7675A59BA}"
EndProject
Global
	GlobalSection(SolutionConfigurationPlatforms) = preSolution
		Debug|Any CPU = Debug|Any CPU
		Release|Any CPU = Release|Any CPU
	EndGlobalSection
	GlobalSection(ProjectConfigurationPlatforms) = postSolution
		{75BEB67F-04CD-42E4-ADB7-4BC7675A59BA}.Debug|Any CPU.ActiveCfg = Debug|Any CPU
		{75BEB67F-04CD-42E4-ADB7-4BC7675A59BA}.Debug|Any CPU.Build.0 = Debug|Any CPU
		{75BEB67F-04CD-42E4-ADB7-4BC7675A59BA}.Release|Any CPU.ActiveCfg = Release|Any CPU
		{75BEB67F-04CD-42E4-ADB7-4BC7675A59BA}.Release|Any CPU.Build.0 = Release|Any CPU
	EndGlobalSection
	GlobalSection(SolutionProperties) = preSolution
		HideSolutionNode = FALSE
	EndGlobalSection
	GlobalSection(ExtensibilityGlobals) = postSolution
		SolutionGuid = {1D22F30E-7FB7-47A2-8414-A20A868E848C}
	EndGlobalSection
EndGlobal
